
Microsoft Visual Studio Solution File, Format Version 12.00
# Visual Studio Version 16
VisualStudioVersion = 16.0.30907.101
MinimumVisualStudioVersion = 10.0.40219.1
Project("{FAE04EC0-301F-11D3-BF4B-00C04F79EFBC}") = "test", "test\test.csproj", "{867B494F-0A9D-4E51-B316-FA3E7CDDF9EE}"
EndProject
Global
	GlobalSection(SolutionConfigurationPlatforms) = preSolution
		Debug|Any CPU = Debug|Any CPU
		Release|Any CPU = Release|Any CPU
	EndGlobalSection
	GlobalSection(ProjectConfigurationPlatforms) = postSolution
		{867B494F-0A9D-4E51-B316-FA3E7CDDF9EE}.Debug|Any CPU.ActiveCfg = Debug|Any CPU
		{867B494F-0A9D-4E51-B316-FA3E7CDDF9EE}.Debug|Any CPU.Build.0 = Debug|Any CPU
		{867B494F-0A9D-4E51-B316-FA3E7CDDF9EE}.Release|Any CPU.ActiveCfg = Release|Any CPU
		{867B494F-0A9D-4E51-B316-FA3E7CDDF9EE}.Release|Any CPU.Build.0 = Release|Any CPU
	EndGlobalSection
	GlobalSection(SolutionProperties) = preSolution
		HideSolutionNode = FALSE
	EndGlobalSection
	GlobalSection(ExtensibilityGlobals) = postSolution
		SolutionGuid = {6632DBDF-AB32-4201-8148-CD05460DFD00}
	EndGlobalSection
EndGlobal
